<Solution>
  <Folder Name="/src/">
    <Project Path="src/LittleVillage/LittleVillage.csproj">
      <Deploy />
    </Project>
    <Project Path="src/LittleVillage.Core/LittleVillage.Core.csproj" />
  </Folder>
  <Folder Name="/tests/">
    <Project Path="tests/LittleVillage.Core.Tests/LittleVillage.Core.Tests.csproj" />
  </Folder>
  <Folder Name="/tools/">
    <Project Path="tools/LittleVillage.InkBuild/LittleVillage.InkBuild.csproj" />
  </Folder>
  <Folder Name="/external/">
    <Project Path="external/ink/ink-engine-runtime/ink-engine-runtime.csproj" />
    <Project Path="external/ink/compiler/ink_compiler.csproj" />
  </Folder>
</Solution>
